
Microsoft Visual Studio Solution File, Format Version 12.00
# Visual Studio Version 17
VisualStudioVersion = 17.12.35707.178 d17.12
MinimumVisualStudioVersion = 10.0.40219.1
Project("{FAE04EC0-301F-11D3-BF4B-00C04F79EFBC}") = "COMP003A.Assignment1", "COMP003A.Assignment1\COMP003A.Assignment1.csproj", "{D72E3887-DECC-41DB-8CE9-1F4803CDDE57}"
EndProject
Global
	GlobalSection(SolutionConfigurationPlatforms) = preSolution
		Debug|Any CPU = Debug|Any CPU
		Release|Any CPU = Release|Any CPU
	EndGlobalSection
	GlobalSection(ProjectConfigurationPlatforms) = postSolution
		{D72E3887-DECC-41DB-8CE9-1F4803CDDE57}.Debug|Any CPU.ActiveCfg = Debug|Any CPU
		{D72E3887-DECC-41DB-8CE9-1F4803CDDE57}.Debug|Any CPU.Build.0 = Debug|Any CPU
		{D72E3887-DECC-41DB-8CE9-1F4803CDDE57}.Release|Any CPU.ActiveCfg = Release|Any CPU
		{D72E3887-DECC-41DB-8CE9-1F4803CDDE57}.Release|Any CPU.Build.0 = Release|Any CPU
	EndGlobalSection
	GlobalSection(SolutionProperties) = preSolution
		HideSolutionNode = FALSE
	EndGlobalSection
EndGlobal
